// !$*UTF8*$!
{
	archiveVersion = 1;
	classes = {
	};
	objectVersion = 52;
	objects = {

/* Begin PBXBuildFile section */
		68C3745A258A0A5A00F5C5E0 /* StringExtension.swift in Sources */ = {isa = PBXBuildFile; fileRef = 68C37459258A0A5A00F5C5E0 /* StringExtension.swift */; };
		68C37464258AA76500F5C5E0 /* EventConfigurationView.swift in Sources */ = {isa = PBXBuildFile; fileRef = 68C37463258AA76500F5C5E0 /* EventConfigurationView.swift */; };
		68C3746C2591163A00F5C5E0 /* AlertSheet.swift in Sources */ = {isa = PBXBuildFile; fileRef = 68C3746B2591163A00F5C5E0 /* AlertSheet.swift */; };
		68CBC6DB257E943C00709835 /* AppDelegate.swift in Sources */ = {isa = PBXBuildFile; fileRef = 68CBC6DA257E943C00709835 /* AppDelegate.swift */; };
		68CBC6DD257E943C00709835 /* ContentView.swift in Sources */ = {isa = PBXBuildFile; fileRef = 68CBC6DC257E943C00709835 /* ContentView.swift */; };
		68CBC6E0257E943C00709835 /* You_Done.xcdatamodeld in Sources */ = {isa = PBXBuildFile; fileRef = 68CBC6DE257E943C00709835 /* You_Done.xcdatamodeld */; };
		68CBC6E2257E943E00709835 /* Assets.xcassets in Resources */ = {isa = PBXBuildFile; fileRef = 68CBC6E1257E943E00709835 /* Assets.xcassets */; };
		68CBC6E5257E943E00709835 /* Preview Assets.xcassets in Resources */ = {isa = PBXBuildFile; fileRef = 68CBC6E4257E943E00709835 /* Preview Assets.xcassets */; };
		68CBC6E8257E943E00709835 /* Main.storyboard in Resources */ = {isa = PBXBuildFile; fileRef = 68CBC6E6257E943E00709835 /* Main.storyboard */; };
		68CBC6F4257E943F00709835 /* You_DoneTests.swift in Sources */ = {isa = PBXBuildFile; fileRef = 68CBC6F3257E943F00709835 /* You_DoneTests.swift */; };
		68CBC6FF257E943F00709835 /* You_DoneUITests.swift in Sources */ = {isa = PBXBuildFile; fileRef = 68CBC6FE257E943F00709835 /* You_DoneUITests.swift */; };
		68CBC710257F774600709835 /* NSImageExtension.swift in Sources */ = {isa = PBXBuildFile; fileRef = 68CBC70F257F774600709835 /* NSImageExtension.swift */; };
		68CBC72A257F88F800709835 /* IntegrationListView.swift in Sources */ = {isa = PBXBuildFile; fileRef = 68CBC729257F88F800709835 /* IntegrationListView.swift */; };
		68CBC732257F891B00709835 /* StatusView.swift in Sources */ = {isa = PBXBuildFile; fileRef = 68CBC731257F891B00709835 /* StatusView.swift */; };
		68CBC747257F944C00709835 /* Integration.swift in Sources */ = {isa = PBXBuildFile; fileRef = 68CBC746257F944C00709835 /* Integration.swift */; };
		68CBC764257FAFFA00709835 /* IntegrationConfigurationView.swift in Sources */ = {isa = PBXBuildFile; fileRef = 68CBC763257FAFFA00709835 /* IntegrationConfigurationView.swift */; };
		68CBC7982580F9FF00709835 /* ViewExtension.swift in Sources */ = {isa = PBXBuildFile; fileRef = 68CBC7972580F9FF00709835 /* ViewExtension.swift */; };
		68CBC7A625811B3200709835 /* Task.swift in Sources */ = {isa = PBXBuildFile; fileRef = 68CBC7A525811B3200709835 /* Task.swift */; };
		68CBC7AB25812FB600709835 /* TaskView.swift in Sources */ = {isa = PBXBuildFile; fileRef = 68CBC7AA25812FB600709835 /* TaskView.swift */; };
		68CBC7B925815F3C00709835 /* EventMonitor.swift in Sources */ = {isa = PBXBuildFile; fileRef = 68CBC7B825815F3C00709835 /* EventMonitor.swift */; };
		68CBC7BF25820A6200709835 /* OAuth2 in Frameworks */ = {isa = PBXBuildFile; productRef = 68CBC7BE25820A6200709835 /* OAuth2 */; };
		68CBC7DD258278D500709835 /* IntegrationView.swift in Sources */ = {isa = PBXBuildFile; fileRef = 68CBC7DC258278D500709835 /* IntegrationView.swift */; };
		68CBC7E32582D4DD00709835 /* SwiftyJSON in Frameworks */ = {isa = PBXBuildFile; productRef = 68CBC7E22582D4DD00709835 /* SwiftyJSON */; };
		68CBC7E82583641900709835 /* CompositionPrecedence.swift in Sources */ = {isa = PBXBuildFile; fileRef = 68CBC7E72583641900709835 /* CompositionPrecedence.swift */; };
		68CBC7ED258381DF00709835 /* DateExtension.swift in Sources */ = {isa = PBXBuildFile; fileRef = 68CBC7EC258381DF00709835 /* DateExtension.swift */; };
		68CBC7F2258391F600709835 /* Microfutures.swift in Sources */ = {isa = PBXBuildFile; fileRef = 68CBC7F1258391F600709835 /* Microfutures.swift */; };
		68CBC7F725839DB000709835 /* SequenceExtension.swift in Sources */ = {isa = PBXBuildFile; fileRef = 68CBC7F625839DB000709835 /* SequenceExtension.swift */; };
		68CBC7FC2585278300709835 /* NSTextFieldExtension.swift in Sources */ = {isa = PBXBuildFile; fileRef = 68CBC7FB2585278300709835 /* NSTextFieldExtension.swift */; };
		68CBC8012585394500709835 /* Constants.swift in Sources */ = {isa = PBXBuildFile; fileRef = 68CBC8002585394500709835 /* Constants.swift */; };
		68CBC80E2585465400709835 /* TextExtension.swift in Sources */ = {isa = PBXBuildFile; fileRef = 68CBC80D2585465400709835 /* TextExtension.swift */; };
		68CBC81325858DDE00709835 /* ConfigurationView.swift in Sources */ = {isa = PBXBuildFile; fileRef = 68CBC81225858DDD00709835 /* ConfigurationView.swift */; };
/* End PBXBuildFile section */

/* Begin PBXContainerItemProxy section */
		68CBC6F0257E943F00709835 /* PBXContainerItemProxy */ = {
			isa = PBXContainerItemProxy;
			containerPortal = 68CBC6CF257E943C00709835 /* Project object */;
			proxyType = 1;
			remoteGlobalIDString = 68CBC6D6257E943C00709835;
			remoteInfo = "You Done";
		};
		68CBC6FB257E943F00709835 /* PBXContainerItemProxy */ = {
			isa = PBXContainerItemProxy;
			containerPortal = 68CBC6CF257E943C00709835 /* Project object */;
			proxyType = 1;
			remoteGlobalIDString = 68CBC6D6257E943C00709835;
			remoteInfo = "You Done";
		};
/* End PBXContainerItemProxy section */

/* Begin PBXFileReference section */
		68C37459258A0A5A00F5C5E0 /* StringExtension.swift */ = {isa = PBXFileReference; lastKnownFileType = sourcecode.swift; path = StringExtension.swift; sourceTree = "<group>"; };
		68C37463258AA76500F5C5E0 /* EventConfigurationView.swift */ = {isa = PBXFileReference; lastKnownFileType = sourcecode.swift; path = EventConfigurationView.swift; sourceTree = "<group>"; };
		68C3746B2591163A00F5C5E0 /* AlertSheet.swift */ = {isa = PBXFileReference; lastKnownFileType = sourcecode.swift; path = AlertSheet.swift; sourceTree = "<group>"; };
		68CBC6D7257E943C00709835 /* You Done.app */ = {isa = PBXFileReference; explicitFileType = wrapper.application; includeInIndex = 0; path = "You Done.app"; sourceTree = BUILT_PRODUCTS_DIR; };
		68CBC6DA257E943C00709835 /* AppDelegate.swift */ = {isa = PBXFileReference; lastKnownFileType = sourcecode.swift; path = AppDelegate.swift; sourceTree = "<group>"; };
		68CBC6DC257E943C00709835 /* ContentView.swift */ = {isa = PBXFileReference; lastKnownFileType = sourcecode.swift; path = ContentView.swift; sourceTree = "<group>"; };
		68CBC6DF257E943C00709835 /* You_Done.xcdatamodel */ = {isa = PBXFileReference; lastKnownFileType = wrapper.xcdatamodel; path = You_Done.xcdatamodel; sourceTree = "<group>"; };
		68CBC6E1257E943E00709835 /* Assets.xcassets */ = {isa = PBXFileReference; lastKnownFileType = folder.assetcatalog; path = Assets.xcassets; sourceTree = "<group>"; };
		68CBC6E4257E943E00709835 /* Preview Assets.xcassets */ = {isa = PBXFileReference; lastKnownFileType = folder.assetcatalog; path = "Preview Assets.xcassets"; sourceTree = "<group>"; };
		68CBC6E7257E943E00709835 /* Base */ = {isa = PBXFileReference; lastKnownFileType = file.storyboard; name = Base; path = Base.lproj/Main.storyboard; sourceTree = "<group>"; };
		68CBC6E9257E943E00709835 /* Info.plist */ = {isa = PBXFileReference; lastKnownFileType = text.plist.xml; path = Info.plist; sourceTree = "<group>"; };
		68CBC6EA257E943E00709835 /* You_Done.entitlements */ = {isa = PBXFileReference; lastKnownFileType = text.plist.entitlements; path = You_Done.entitlements; sourceTree = "<group>"; };
		68CBC6EF257E943F00709835 /* You DoneTests.xctest */ = {isa = PBXFileReference; explicitFileType = wrapper.cfbundle; includeInIndex = 0; path = "You DoneTests.xctest"; sourceTree = BUILT_PRODUCTS_DIR; };
		68CBC6F3257E943F00709835 /* You_DoneTests.swift */ = {isa = PBXFileReference; lastKnownFileType = sourcecode.swift; path = You_DoneTests.swift; sourceTree = "<group>"; };
		68CBC6F5257E943F00709835 /* Info.plist */ = {isa = PBXFileReference; lastKnownFileType = text.plist.xml; path = Info.plist; sourceTree = "<group>"; };
		68CBC6FA257E943F00709835 /* You DoneUITests.xctest */ = {isa = PBXFileReference; explicitFileType = wrapper.cfbundle; includeInIndex = 0; path = "You DoneUITests.xctest"; sourceTree = BUILT_PRODUCTS_DIR; };
		68CBC6FE257E943F00709835 /* You_DoneUITests.swift */ = {isa = PBXFileReference; lastKnownFileType = sourcecode.swift; path = You_DoneUITests.swift; sourceTree = "<group>"; };
		68CBC700257E943F00709835 /* Info.plist */ = {isa = PBXFileReference; lastKnownFileType = text.plist.xml; path = Info.plist; sourceTree = "<group>"; };
		68CBC70F257F774600709835 /* NSImageExtension.swift */ = {isa = PBXFileReference; lastKnownFileType = sourcecode.swift; path = NSImageExtension.swift; sourceTree = "<group>"; };
		68CBC729257F88F800709835 /* IntegrationListView.swift */ = {isa = PBXFileReference; lastKnownFileType = sourcecode.swift; path = IntegrationListView.swift; sourceTree = "<group>"; };
		68CBC731257F891B00709835 /* StatusView.swift */ = {isa = PBXFileReference; lastKnownFileType = sourcecode.swift; path = StatusView.swift; sourceTree = "<group>"; };
		68CBC746257F944C00709835 /* Integration.swift */ = {isa = PBXFileReference; lastKnownFileType = sourcecode.swift; path = Integration.swift; sourceTree = "<group>"; };
		68CBC763257FAFFA00709835 /* IntegrationConfigurationView.swift */ = {isa = PBXFileReference; lastKnownFileType = sourcecode.swift; path = IntegrationConfigurationView.swift; sourceTree = "<group>"; };
		68CBC7972580F9FF00709835 /* ViewExtension.swift */ = {isa = PBXFileReference; lastKnownFileType = sourcecode.swift; path = ViewExtension.swift; sourceTree = "<group>"; };
		68CBC7A525811B3200709835 /* Task.swift */ = {isa = PBXFileReference; lastKnownFileType = sourcecode.swift; path = Task.swift; sourceTree = "<group>"; };
		68CBC7AA25812FB600709835 /* TaskView.swift */ = {isa = PBXFileReference; lastKnownFileType = sourcecode.swift; path = TaskView.swift; sourceTree = "<group>"; };
		68CBC7B825815F3C00709835 /* EventMonitor.swift */ = {isa = PBXFileReference; lastKnownFileType = sourcecode.swift; path = EventMonitor.swift; sourceTree = "<group>"; };
		68CBC7C8258212DC00709835 /* oauth2.secret.xcconfig */ = {isa = PBXFileReference; lastKnownFileType = text.xcconfig; path = oauth2.secret.xcconfig; sourceTree = "<group>"; };
		68CBC7DC258278D500709835 /* IntegrationView.swift */ = {isa = PBXFileReference; lastKnownFileType = sourcecode.swift; path = IntegrationView.swift; sourceTree = "<group>"; };
		68CBC7E72583641900709835 /* CompositionPrecedence.swift */ = {isa = PBXFileReference; lastKnownFileType = sourcecode.swift; path = CompositionPrecedence.swift; sourceTree = "<group>"; };
		68CBC7EC258381DF00709835 /* DateExtension.swift */ = {isa = PBXFileReference; lastKnownFileType = sourcecode.swift; path = DateExtension.swift; sourceTree = "<group>"; };
		68CBC7F1258391F600709835 /* Microfutures.swift */ = {isa = PBXFileReference; lastKnownFileType = sourcecode.swift; path = Microfutures.swift; sourceTree = "<group>"; };
		68CBC7F625839DB000709835 /* SequenceExtension.swift */ = {isa = PBXFileReference; lastKnownFileType = sourcecode.swift; path = SequenceExtension.swift; sourceTree = "<group>"; };
		68CBC7FB2585278300709835 /* NSTextFieldExtension.swift */ = {isa = PBXFileReference; lastKnownFileType = sourcecode.swift; path = NSTextFieldExtension.swift; sourceTree = "<group>"; };
		68CBC8002585394500709835 /* Constants.swift */ = {isa = PBXFileReference; lastKnownFileType = sourcecode.swift; path = Constants.swift; sourceTree = "<group>"; };
		68CBC80D2585465400709835 /* TextExtension.swift */ = {isa = PBXFileReference; lastKnownFileType = sourcecode.swift; path = TextExtension.swift; sourceTree = "<group>"; };
		68CBC81225858DDD00709835 /* ConfigurationView.swift */ = {isa = PBXFileReference; lastKnownFileType = sourcecode.swift; path = ConfigurationView.swift; sourceTree = "<group>"; };
/* End PBXFileReference section */

/* Begin PBXFrameworksBuildPhase section */
		68CBC6D4257E943C00709835 /* Frameworks */ = {
			isa = PBXFrameworksBuildPhase;
			buildActionMask = 2147483647;
			files = (
				68CBC7E32582D4DD00709835 /* SwiftyJSON in Frameworks */,
				68CBC7BF25820A6200709835 /* OAuth2 in Frameworks */,
			);
			runOnlyForDeploymentPostprocessing = 0;
		};
		68CBC6EC257E943F00709835 /* Frameworks */ = {
			isa = PBXFrameworksBuildPhase;
			buildActionMask = 2147483647;
			files = (
			);
			runOnlyForDeploymentPostprocessing = 0;
		};
		68CBC6F7257E943F00709835 /* Frameworks */ = {
			isa = PBXFrameworksBuildPhase;
			buildActionMask = 2147483647;
			files = (
			);
			runOnlyForDeploymentPostprocessing = 0;
		};
/* End PBXFrameworksBuildPhase section */

/* Begin PBXGroup section */
		68CBC6CE257E943C00709835 = {
			isa = PBXGroup;
			children = (
				68CBC7C6258211D700709835 /* You DoneConfig */,
				68CBC6D9257E943C00709835 /* You Done */,
				68CBC6F2257E943F00709835 /* You DoneTests */,
				68CBC6FD257E943F00709835 /* You DoneUITests */,
				68CBC6D8257E943C00709835 /* Products */,
			);
			sourceTree = "<group>";
		};
		68CBC6D8257E943C00709835 /* Products */ = {
			isa = PBXGroup;
			children = (
				68CBC6D7257E943C00709835 /* You Done.app */,
				68CBC6EF257E943F00709835 /* You DoneTests.xctest */,
				68CBC6FA257E943F00709835 /* You DoneUITests.xctest */,
			);
			name = Products;
			sourceTree = "<group>";
		};
		68CBC6D9257E943C00709835 /* You Done */ = {
			isa = PBXGroup;
			children = (
				68C3746B2591163A00F5C5E0 /* AlertSheet.swift */,
				68CBC6DA257E943C00709835 /* AppDelegate.swift */,
				68CBC6E1257E943E00709835 /* Assets.xcassets */,
				68CBC7E72583641900709835 /* CompositionPrecedence.swift */,
				68CBC81225858DDD00709835 /* ConfigurationView.swift */,
				68CBC8002585394500709835 /* Constants.swift */,
				68CBC6DC257E943C00709835 /* ContentView.swift */,
				68CBC7EC258381DF00709835 /* DateExtension.swift */,
				68C37463258AA76500F5C5E0 /* EventConfigurationView.swift */,
				68CBC7B825815F3C00709835 /* EventMonitor.swift */,
				68CBC6E9257E943E00709835 /* Info.plist */,
				68CBC746257F944C00709835 /* Integration.swift */,
				68CBC763257FAFFA00709835 /* IntegrationConfigurationView.swift */,
				68CBC729257F88F800709835 /* IntegrationListView.swift */,
				68CBC7DC258278D500709835 /* IntegrationView.swift */,
				68CBC6E6257E943E00709835 /* Main.storyboard */,
				68CBC7F1258391F600709835 /* Microfutures.swift */,
				68CBC70F257F774600709835 /* NSImageExtension.swift */,
				68CBC7FB2585278300709835 /* NSTextFieldExtension.swift */,
				68CBC6E3257E943E00709835 /* Preview Content */,
				68CBC7F625839DB000709835 /* SequenceExtension.swift */,
				68CBC731257F891B00709835 /* StatusView.swift */,
				68C37459258A0A5A00F5C5E0 /* StringExtension.swift */,
				68CBC7A525811B3200709835 /* Task.swift */,
				68CBC7AA25812FB600709835 /* TaskView.swift */,
				68CBC80D2585465400709835 /* TextExtension.swift */,
				68CBC7972580F9FF00709835 /* ViewExtension.swift */,
				68CBC6EA257E943E00709835 /* You_Done.entitlements */,
				68CBC6DE257E943C00709835 /* You_Done.xcdatamodeld */,
			);
			path = "You Done";
			sourceTree = "<group>";
		};
		68CBC6E3257E943E00709835 /* Preview Content */ = {
			isa = PBXGroup;
			children = (
				68CBC6E4257E943E00709835 /* Preview Assets.xcassets */,
			);
			path = "Preview Content";
			sourceTree = "<group>";
		};
		68CBC6F2257E943F00709835 /* You DoneTests */ = {
			isa = PBXGroup;
			children = (
				68CBC6F3257E943F00709835 /* You_DoneTests.swift */,
				68CBC6F5257E943F00709835 /* Info.plist */,
			);
			path = "You DoneTests";
			sourceTree = "<group>";
		};
		68CBC6FD257E943F00709835 /* You DoneUITests */ = {
			isa = PBXGroup;
			children = (
				68CBC6FE257E943F00709835 /* You_DoneUITests.swift */,
				68CBC700257E943F00709835 /* Info.plist */,
			);
			path = "You DoneUITests";
			sourceTree = "<group>";
		};
		68CBC7C6258211D700709835 /* You DoneConfig */ = {
			isa = PBXGroup;
			children = (
				68CBC7C8258212DC00709835 /* oauth2.secret.xcconfig */,
			);
			path = "You DoneConfig";
			sourceTree = "<group>";
		};
/* End PBXGroup section */

/* Begin PBXNativeTarget section */
		68CBC6D6257E943C00709835 /* You Done */ = {
			isa = PBXNativeTarget;
			buildConfigurationList = 68CBC703257E943F00709835 /* Build configuration list for PBXNativeTarget "You Done" */;
			buildPhases = (
				68CBC6D3257E943C00709835 /* Sources */,
				68CBC6D4257E943C00709835 /* Frameworks */,
				68CBC6D5257E943C00709835 /* Resources */,
			);
			buildRules = (
			);
			dependencies = (
			);
			name = "You Done";
			packageProductDependencies = (
				68CBC7BE25820A6200709835 /* OAuth2 */,
				68CBC7E22582D4DD00709835 /* SwiftyJSON */,
			);
			productName = "You Done";
			productReference = 68CBC6D7257E943C00709835 /* You Done.app */;
			productType = "com.apple.product-type.application";
		};
		68CBC6EE257E943F00709835 /* You DoneTests */ = {
			isa = PBXNativeTarget;
			buildConfigurationList = 68CBC706257E943F00709835 /* Build configuration list for PBXNativeTarget "You DoneTests" */;
			buildPhases = (
				68CBC6EB257E943F00709835 /* Sources */,
				68CBC6EC257E943F00709835 /* Frameworks */,
				68CBC6ED257E943F00709835 /* Resources */,
			);
			buildRules = (
			);
			dependencies = (
				68CBC6F1257E943F00709835 /* PBXTargetDependency */,
			);
			name = "You DoneTests";
			productName = "You DoneTests";
			productReference = 68CBC6EF257E943F00709835 /* You DoneTests.xctest */;
			productType = "com.apple.product-type.bundle.unit-test";
		};
		68CBC6F9257E943F00709835 /* You DoneUITests */ = {
			isa = PBXNativeTarget;
			buildConfigurationList = 68CBC709257E943F00709835 /* Build configuration list for PBXNativeTarget "You DoneUITests" */;
			buildPhases = (
				68CBC6F6257E943F00709835 /* Sources */,
				68CBC6F7257E943F00709835 /* Frameworks */,
				68CBC6F8257E943F00709835 /* Resources */,
			);
			buildRules = (
			);
			dependencies = (
				68CBC6FC257E943F00709835 /* PBXTargetDependency */,
			);
			name = "You DoneUITests";
			productName = "You DoneUITests";
			productReference = 68CBC6FA257E943F00709835 /* You DoneUITests.xctest */;
			productType = "com.apple.product-type.bundle.ui-testing";
		};
/* End PBXNativeTarget section */

/* Begin PBXProject section */
		68CBC6CF257E943C00709835 /* Project object */ = {
			isa = PBXProject;
			attributes = {
				LastSwiftUpdateCheck = 1220;
				LastUpgradeCheck = 1220;
				TargetAttributes = {
					68CBC6D6257E943C00709835 = {
						CreatedOnToolsVersion = 12.2;
					};
					68CBC6EE257E943F00709835 = {
						CreatedOnToolsVersion = 12.2;
						TestTargetID = 68CBC6D6257E943C00709835;
					};
					68CBC6F9257E943F00709835 = {
						CreatedOnToolsVersion = 12.2;
						TestTargetID = 68CBC6D6257E943C00709835;
					};
				};
			};
			buildConfigurationList = 68CBC6D2257E943C00709835 /* Build configuration list for PBXProject "You Done" */;
			compatibilityVersion = "Xcode 9.3";
			developmentRegion = en;
			hasScannedForEncodings = 0;
			knownRegions = (
				en,
				Base,
			);
			mainGroup = 68CBC6CE257E943C00709835;
			packageReferences = (
				68CBC7BD25820A6200709835 /* XCRemoteSwiftPackageReference "OAuth2" */,
				68CBC7E12582D4DD00709835 /* XCRemoteSwiftPackageReference "SwiftyJSON" */,
			);
			productRefGroup = 68CBC6D8257E943C00709835 /* Products */;
			projectDirPath = "";
			projectRoot = "";
			targets = (
				68CBC6D6257E943C00709835 /* You Done */,
				68CBC6EE257E943F00709835 /* You DoneTests */,
				68CBC6F9257E943F00709835 /* You DoneUITests */,
			);
		};
/* End PBXProject section */

/* Begin PBXResourcesBuildPhase section */
		68CBC6D5257E943C00709835 /* Resources */ = {
			isa = PBXResourcesBuildPhase;
			buildActionMask = 2147483647;
			files = (
				68CBC6E8257E943E00709835 /* Main.storyboard in Resources */,
				68CBC6E5257E943E00709835 /* Preview Assets.xcassets in Resources */,
				68CBC6E2257E943E00709835 /* Assets.xcassets in Resources */,
			);
			runOnlyForDeploymentPostprocessing = 0;
		};
		68CBC6ED257E943F00709835 /* Resources */ = {
			isa = PBXResourcesBuildPhase;
			buildActionMask = 2147483647;
			files = (
			);
			runOnlyForDeploymentPostprocessing = 0;
		};
		68CBC6F8257E943F00709835 /* Resources */ = {
			isa = PBXResourcesBuildPhase;
			buildActionMask = 2147483647;
			files = (
			);
			runOnlyForDeploymentPostprocessing = 0;
		};
/* End PBXResourcesBuildPhase section */

/* Begin PBXSourcesBuildPhase section */
		68CBC6D3257E943C00709835 /* Sources */ = {
			isa = PBXSourcesBuildPhase;
			buildActionMask = 2147483647;
			files = (
				68CBC6E0257E943C00709835 /* You_Done.xcdatamodeld in Sources */,
				68CBC81325858DDE00709835 /* ConfigurationView.swift in Sources */,
				68CBC8012585394500709835 /* Constants.swift in Sources */,
				68CBC7ED258381DF00709835 /* DateExtension.swift in Sources */,
				68CBC6DD257E943C00709835 /* ContentView.swift in Sources */,
				68CBC7A625811B3200709835 /* Task.swift in Sources */,
				68CBC7B925815F3C00709835 /* EventMonitor.swift in Sources */,
				68CBC7F2258391F600709835 /* Microfutures.swift in Sources */,
				68CBC7FC2585278300709835 /* NSTextFieldExtension.swift in Sources */,
				68CBC7F725839DB000709835 /* SequenceExtension.swift in Sources */,
				68CBC7982580F9FF00709835 /* ViewExtension.swift in Sources */,
				68CBC747257F944C00709835 /* Integration.swift in Sources */,
				68C37464258AA76500F5C5E0 /* EventConfigurationView.swift in Sources */,
				68CBC732257F891B00709835 /* StatusView.swift in Sources */,
				68CBC80E2585465400709835 /* TextExtension.swift in Sources */,
				68CBC710257F774600709835 /* NSImageExtension.swift in Sources */,
				68CBC7E82583641900709835 /* CompositionPrecedence.swift in Sources */,
				68CBC6DB257E943C00709835 /* AppDelegate.swift in Sources */,
				68CBC7DD258278D500709835 /* IntegrationView.swift in Sources */,
				68C3746C2591163A00F5C5E0 /* AlertSheet.swift in Sources */,
				68CBC72A257F88F800709835 /* IntegrationListView.swift in Sources */,
				68CBC7AB25812FB600709835 /* TaskView.swift in Sources */,
				68C3745A258A0A5A00F5C5E0 /* StringExtension.swift in Sources */,
				68CBC764257FAFFA00709835 /* IntegrationConfigurationView.swift in Sources */,
			);
			runOnlyForDeploymentPostprocessing = 0;
		};
		68CBC6EB257E943F00709835 /* Sources */ = {
			isa = PBXSourcesBuildPhase;
			buildActionMask = 2147483647;
			files = (
				68CBC6F4257E943F00709835 /* You_DoneTests.swift in Sources */,
			);
			runOnlyForDeploymentPostprocessing = 0;
		};
		68CBC6F6257E943F00709835 /* Sources */ = {
			isa = PBXSourcesBuildPhase;
			buildActionMask = 2147483647;
			files = (
				68CBC6FF257E943F00709835 /* You_DoneUITests.swift in Sources */,
			);
			runOnlyForDeploymentPostprocessing = 0;
		};
/* End PBXSourcesBuildPhase section */

/* Begin PBXTargetDependency section */
		68CBC6F1257E943F00709835 /* PBXTargetDependency */ = {
			isa = PBXTargetDependency;
			target = 68CBC6D6257E943C00709835 /* You Done */;
			targetProxy = 68CBC6F0257E943F00709835 /* PBXContainerItemProxy */;
		};
		68CBC6FC257E943F00709835 /* PBXTargetDependency */ = {
			isa = PBXTargetDependency;
			target = 68CBC6D6257E943C00709835 /* You Done */;
			targetProxy = 68CBC6FB257E943F00709835 /* PBXContainerItemProxy */;
		};
/* End PBXTargetDependency section */

/* Begin PBXVariantGroup section */
		68CBC6E6257E943E00709835 /* Main.storyboard */ = {
			isa = PBXVariantGroup;
			children = (
				68CBC6E7257E943E00709835 /* Base */,
			);
			name = Main.storyboard;
			sourceTree = "<group>";
		};
/* End PBXVariantGroup section */

/* Begin XCBuildConfiguration section */
		68CBC701257E943F00709835 /* Debug */ = {
			isa = XCBuildConfiguration;
			baseConfigurationReference = 68CBC7C8258212DC00709835 /* oauth2.secret.xcconfig */;
			buildSettings = {
				ALWAYS_SEARCH_USER_PATHS = NO;
				CLANG_ANALYZER_NONNULL = YES;
				CLANG_ANALYZER_NUMBER_OBJECT_CONVERSION = YES_AGGRESSIVE;
				CLANG_CXX_LANGUAGE_STANDARD = "gnu++14";
				CLANG_CXX_LIBRARY = "libc++";
				CLANG_ENABLE_MODULES = YES;
				CLANG_ENABLE_OBJC_ARC = YES;
				CLANG_ENABLE_OBJC_WEAK = YES;
				CLANG_WARN_BLOCK_CAPTURE_AUTORELEASING = YES;
				CLANG_WARN_BOOL_CONVERSION = YES;
				CLANG_WARN_COMMA = YES;
				CLANG_WARN_CONSTANT_CONVERSION = YES;
				CLANG_WARN_DEPRECATED_OBJC_IMPLEMENTATIONS = YES;
				CLANG_WARN_DIRECT_OBJC_ISA_USAGE = YES_ERROR;
				CLANG_WARN_DOCUMENTATION_COMMENTS = YES;
				CLANG_WARN_EMPTY_BODY = YES;
				CLANG_WARN_ENUM_CONVERSION = YES;
				CLANG_WARN_INFINITE_RECURSION = YES;
				CLANG_WARN_INT_CONVERSION = YES;
				CLANG_WARN_NON_LITERAL_NULL_CONVERSION = YES;
				CLANG_WARN_OBJC_IMPLICIT_RETAIN_SELF = YES;
				CLANG_WARN_OBJC_LITERAL_CONVERSION = YES;
				CLANG_WARN_OBJC_ROOT_CLASS = YES_ERROR;
				CLANG_WARN_QUOTED_INCLUDE_IN_FRAMEWORK_HEADER = YES;
				CLANG_WARN_RANGE_LOOP_ANALYSIS = YES;
				CLANG_WARN_STRICT_PROTOTYPES = YES;
				CLANG_WARN_SUSPICIOUS_MOVE = YES;
				CLANG_WARN_UNGUARDED_AVAILABILITY = YES_AGGRESSIVE;
				CLANG_WARN_UNREACHABLE_CODE = YES;
				CLANG_WARN__DUPLICATE_METHOD_MATCH = YES;
				COPY_PHASE_STRIP = NO;
				DEBUG_INFORMATION_FORMAT = dwarf;
				ENABLE_STRICT_OBJC_MSGSEND = YES;
				ENABLE_TESTABILITY = YES;
				GCC_C_LANGUAGE_STANDARD = gnu11;
				GCC_DYNAMIC_NO_PIC = NO;
				GCC_NO_COMMON_BLOCKS = YES;
				GCC_OPTIMIZATION_LEVEL = 0;
				GCC_PREPROCESSOR_DEFINITIONS = (
					"DEBUG=1",
					"$(inherited)",
				);
				GCC_WARN_64_TO_32_BIT_CONVERSION = YES;
				GCC_WARN_ABOUT_RETURN_TYPE = YES_ERROR;
				GCC_WARN_UNDECLARED_SELECTOR = YES;
				GCC_WARN_UNINITIALIZED_AUTOS = YES_AGGRESSIVE;
				GCC_WARN_UNUSED_FUNCTION = YES;
				GCC_WARN_UNUSED_VARIABLE = YES;
				MACOSX_DEPLOYMENT_TARGET = 10.15;
				MTL_ENABLE_DEBUG_INFO = INCLUDE_SOURCE;
				MTL_FAST_MATH = YES;
				ONLY_ACTIVE_ARCH = YES;
				SDKROOT = macosx;
				SWIFT_ACTIVE_COMPILATION_CONDITIONS = DEBUG;
				SWIFT_OPTIMIZATION_LEVEL = "-Onone";
			};
			name = Debug;
		};
		68CBC702257E943F00709835 /* Release */ = {
			isa = XCBuildConfiguration;
			baseConfigurationReference = 68CBC7C8258212DC00709835 /* oauth2.secret.xcconfig */;
			buildSettings = {
				ALWAYS_SEARCH_USER_PATHS = NO;
				CLANG_ANALYZER_NONNULL = YES;
				CLANG_ANALYZER_NUMBER_OBJECT_CONVERSION = YES_AGGRESSIVE;
				CLANG_CXX_LANGUAGE_STANDARD = "gnu++14";
				CLANG_CXX_LIBRARY = "libc++";
				CLANG_ENABLE_MODULES = YES;
				CLANG_ENABLE_OBJC_ARC = YES;
				CLANG_ENABLE_OBJC_WEAK = YES;
				CLANG_WARN_BLOCK_CAPTURE_AUTORELEASING = YES;
				CLANG_WARN_BOOL_CONVERSION = YES;
				CLANG_WARN_COMMA = YES;
				CLANG_WARN_CONSTANT_CONVERSION = YES;
				CLANG_WARN_DEPRECATED_OBJC_IMPLEMENTATIONS = YES;
				CLANG_WARN_DIRECT_OBJC_ISA_USAGE = YES_ERROR;
				CLANG_WARN_DOCUMENTATION_COMMENTS = YES;
				CLANG_WARN_EMPTY_BODY = YES;
				CLANG_WARN_ENUM_CONVERSION = YES;
				CLANG_WARN_INFINITE_RECURSION = YES;
				CLANG_WARN_INT_CONVERSION = YES;
				CLANG_WARN_NON_LITERAL_NULL_CONVERSION = YES;
				CLANG_WARN_OBJC_IMPLICIT_RETAIN_SELF = YES;
				CLANG_WARN_OBJC_LITERAL_CONVERSION = YES;
				CLANG_WARN_OBJC_ROOT_CLASS = YES_ERROR;
				CLANG_WARN_QUOTED_INCLUDE_IN_FRAMEWORK_HEADER = YES;
				CLANG_WARN_RANGE_LOOP_ANALYSIS = YES;
				CLANG_WARN_STRICT_PROTOTYPES = YES;
				CLANG_WARN_SUSPICIOUS_MOVE = YES;
				CLANG_WARN_UNGUARDED_AVAILABILITY = YES_AGGRESSIVE;
				CLANG_WARN_UNREACHABLE_CODE = YES;
				CLANG_WARN__DUPLICATE_METHOD_MATCH = YES;
				COPY_PHASE_STRIP = NO;
				DEBUG_INFORMATION_FORMAT = "dwarf-with-dsym";
				ENABLE_NS_ASSERTIONS = NO;
				ENABLE_STRICT_OBJC_MSGSEND = YES;
				GCC_C_LANGUAGE_STANDARD = gnu11;
				GCC_NO_COMMON_BLOCKS = YES;
				GCC_WARN_64_TO_32_BIT_CONVERSION = YES;
				GCC_WARN_ABOUT_RETURN_TYPE = YES_ERROR;
				GCC_WARN_UNDECLARED_SELECTOR = YES;
				GCC_WARN_UNINITIALIZED_AUTOS = YES_AGGRESSIVE;
				GCC_WARN_UNUSED_FUNCTION = YES;
				GCC_WARN_UNUSED_VARIABLE = YES;
				MACOSX_DEPLOYMENT_TARGET = 10.15;
				MTL_ENABLE_DEBUG_INFO = NO;
				MTL_FAST_MATH = YES;
				SDKROOT = macosx;
				SWIFT_COMPILATION_MODE = wholemodule;
				SWIFT_OPTIMIZATION_LEVEL = "-O";
			};
			name = Release;
		};
		68CBC704257E943F00709835 /* Debug */ = {
			isa = XCBuildConfiguration;
			buildSettings = {
				ASSETCATALOG_COMPILER_APPICON_NAME = AppIcon;
				ASSETCATALOG_COMPILER_GLOBAL_ACCENT_COLOR_NAME = AccentColor;
				CODE_SIGN_ENTITLEMENTS = "You Done/You_Done.entitlements";
				CODE_SIGN_STYLE = Automatic;
				COMBINE_HIDPI_IMAGES = YES;
				DEVELOPMENT_ASSET_PATHS = "\"You Done/Preview Content\"";
				ENABLE_PREVIEWS = YES;
				INFOPLIST_FILE = "You Done/Info.plist";
				LD_RUNPATH_SEARCH_PATHS = (
					"$(inherited)",
					"@executable_path/../Frameworks",
				);
				MACOSX_DEPLOYMENT_TARGET = 10.15;
				PRODUCT_BUNDLE_IDENTIFIER = "com.gfjalar.You-Done";
				PRODUCT_NAME = "$(TARGET_NAME)";
				SWIFT_VERSION = 5.0;
			};
			name = Debug;
		};
		68CBC705257E943F00709835 /* Release */ = {
			isa = XCBuildConfiguration;
			buildSettings = {
				ASSETCATALOG_COMPILER_APPICON_NAME = AppIcon;
				ASSETCATALOG_COMPILER_GLOBAL_ACCENT_COLOR_NAME = AccentColor;
				CODE_SIGN_ENTITLEMENTS = "You Done/You_Done.entitlements";
				CODE_SIGN_STYLE = Automatic;
				COMBINE_HIDPI_IMAGES = YES;
				DEVELOPMENT_ASSET_PATHS = "\"You Done/Preview Content\"";
				ENABLE_PREVIEWS = YES;
				INFOPLIST_FILE = "You Done/Info.plist";
				LD_RUNPATH_SEARCH_PATHS = (
					"$(inherited)",
					"@executable_path/../Frameworks",
				);
				MACOSX_DEPLOYMENT_TARGET = 10.15;
				PRODUCT_BUNDLE_IDENTIFIER = "com.gfjalar.You-Done";
				PRODUCT_NAME = "$(TARGET_NAME)";
				SWIFT_VERSION = 5.0;
			};
			name = Release;
		};
		68CBC707257E943F00709835 /* Debug */ = {
			isa = XCBuildConfiguration;
			buildSettings = {
				ALWAYS_EMBED_SWIFT_STANDARD_LIBRARIES = YES;
				BUNDLE_LOADER = "$(TEST_HOST)";
				CODE_SIGN_STYLE = Automatic;
				COMBINE_HIDPI_IMAGES = YES;
				INFOPLIST_FILE = "You DoneTests/Info.plist";
				LD_RUNPATH_SEARCH_PATHS = (
					"$(inherited)",
					"@executable_path/../Frameworks",
					"@loader_path/../Frameworks",
				);
				MACOSX_DEPLOYMENT_TARGET = 10.15;
				PRODUCT_BUNDLE_IDENTIFIER = "com.gfjalar.You-DoneTests";
				PRODUCT_NAME = "$(TARGET_NAME)";
				SWIFT_VERSION = 5.0;
				TEST_HOST = "$(BUILT_PRODUCTS_DIR)/You Done.app/Contents/MacOS/You Done";
			};
			name = Debug;
		};
		68CBC708257E943F00709835 /* Release */ = {
			isa = XCBuildConfiguration;
			buildSettings = {
				ALWAYS_EMBED_SWIFT_STANDARD_LIBRARIES = YES;
				BUNDLE_LOADER = "$(TEST_HOST)";
				CODE_SIGN_STYLE = Automatic;
				COMBINE_HIDPI_IMAGES = YES;
				INFOPLIST_FILE = "You DoneTests/Info.plist";
				LD_RUNPATH_SEARCH_PATHS = (
					"$(inherited)",
					"@executable_path/../Frameworks",
					"@loader_path/../Frameworks",
				);
				MACOSX_DEPLOYMENT_TARGET = 10.15;
				PRODUCT_BUNDLE_IDENTIFIER = "com.gfjalar.You-DoneTests";
				PRODUCT_NAME = "$(TARGET_NAME)";
				SWIFT_VERSION = 5.0;
				TEST_HOST = "$(BUILT_PRODUCTS_DIR)/You Done.app/Contents/MacOS/You Done";
			};
			name = Release;
		};
		68CBC70A257E943F00709835 /* Debug */ = {
			isa = XCBuildConfiguration;
			buildSettings = {
				ALWAYS_EMBED_SWIFT_STANDARD_LIBRARIES = YES;
				CODE_SIGN_STYLE = Automatic;
				COMBINE_HIDPI_IMAGES = YES;
				INFOPLIST_FILE = "You DoneUITests/Info.plist";
				LD_RUNPATH_SEARCH_PATHS = (
					"$(inherited)",
					"@executable_path/../Frameworks",
					"@loader_path/../Frameworks",
				);
				PRODUCT_BUNDLE_IDENTIFIER = "com.gfjalar.You-DoneUITests";
				PRODUCT_NAME = "$(TARGET_NAME)";
				SWIFT_VERSION = 5.0;
				TEST_TARGET_NAME = "You Done";
			};
			name = Debug;
		};
		68CBC70B257E943F00709835 /* Release */ = {
			isa = XCBuildConfiguration;
			buildSettings = {
				ALWAYS_EMBED_SWIFT_STANDARD_LIBRARIES = YES;
				CODE_SIGN_STYLE = Automatic;
				COMBINE_HIDPI_IMAGES = YES;
				INFOPLIST_FILE = "You DoneUITests/Info.plist";
				LD_RUNPATH_SEARCH_PATHS = (
					"$(inherited)",
					"@executable_path/../Frameworks",
					"@loader_path/../Frameworks",
				);
				PRODUCT_BUNDLE_IDENTIFIER = "com.gfjalar.You-DoneUITests";
				PRODUCT_NAME = "$(TARGET_NAME)";
				SWIFT_VERSION = 5.0;
				TEST_TARGET_NAME = "You Done";
			};
			name = Release;
		};
/* End XCBuildConfiguration section */

/* Begin XCConfigurationList section */
		68CBC6D2257E943C00709835 /* Build configuration list for PBXProject "You Done" */ = {
			isa = XCConfigurationList;
			buildConfigurations = (
				68CBC701257E943F00709835 /* Debug */,
				68CBC702257E943F00709835 /* Release */,
			);
			defaultConfigurationIsVisible = 0;
			defaultConfigurationName = Release;
		};
		68CBC703257E943F00709835 /* Build configuration list for PBXNativeTarget "You Done" */ = {
			isa = XCConfigurationList;
			buildConfigurations = (
				68CBC704257E943F00709835 /* Debug */,
				68CBC705257E943F00709835 /* Release */,
			);
			defaultConfigurationIsVisible = 0;
			defaultConfigurationName = Release;
		};
		68CBC706257E943F00709835 /* Build configuration list for PBXNativeTarget "You DoneTests" */ = {
			isa = XCConfigurationList;
			buildConfigurations = (
				68CBC707257E943F00709835 /* Debug */,
				68CBC708257E943F00709835 /* Release */,
			);
			defaultConfigurationIsVisible = 0;
			defaultConfigurationName = Release;
		};
		68CBC709257E943F00709835 /* Build configuration list for PBXNativeTarget "You DoneUITests" */ = {
			isa = XCConfigurationList;
			buildConfigurations = (
				68CBC70A257E943F00709835 /* Debug */,
				68CBC70B257E943F00709835 /* Release */,
			);
			defaultConfigurationIsVisible = 0;
			defaultConfigurationName = Release;
		};
/* End XCConfigurationList section */

/* Begin XCRemoteSwiftPackageReference section */
		68CBC7BD25820A6200709835 /* XCRemoteSwiftPackageReference "OAuth2" */ = {
			isa = XCRemoteSwiftPackageReference;
			repositoryURL = "https://github.com/p2/OAuth2.git";
			requirement = {
				kind = exactVersion;
				version = 5.2.0;
			};
		};
		68CBC7E12582D4DD00709835 /* XCRemoteSwiftPackageReference "SwiftyJSON" */ = {
			isa = XCRemoteSwiftPackageReference;
			repositoryURL = "https://github.com/SwiftyJSON/SwiftyJSON";
			requirement = {
				kind = exactVersion;
				version = 5.0.0;
			};
		};
/* End XCRemoteSwiftPackageReference section */

/* Begin XCSwiftPackageProductDependency section */
		68CBC7BE25820A6200709835 /* OAuth2 */ = {
			isa = XCSwiftPackageProductDependency;
			package = 68CBC7BD25820A6200709835 /* XCRemoteSwiftPackageReference "OAuth2" */;
			productName = OAuth2;
		};
		68CBC7E22582D4DD00709835 /* SwiftyJSON */ = {
			isa = XCSwiftPackageProductDependency;
			package = 68CBC7E12582D4DD00709835 /* XCRemoteSwiftPackageReference "SwiftyJSON" */;
			productName = SwiftyJSON;
		};
/* End XCSwiftPackageProductDependency section */

/* Begin XCVersionGroup section */
		68CBC6DE257E943C00709835 /* You_Done.xcdatamodeld */ = {
			isa = XCVersionGroup;
			children = (
				68CBC6DF257E943C00709835 /* You_Done.xcdatamodel */,
			);
			currentVersion = 68CBC6DF257E943C00709835 /* You_Done.xcdatamodel */;
			path = You_Done.xcdatamodeld;
			sourceTree = "<group>";
			versionGroupType = wrapper.xcdatamodel;
		};
/* End XCVersionGroup section */
	};
	rootObject = 68CBC6CF257E943C00709835 /* Project object */;
}
